
Microsoft Visual Studio Solution File, Format Version 12.00
# Visual Studio Version 17
VisualStudioVersion = 17.4.33213.308
MinimumVisualStudioVersion = 10.0.40219.1
Project("{FAE04EC0-301F-11D3-BF4B-00C04F79EFBC}") = "Dynamic Search", "Dynamic Search\Dynamic Search.csproj", "{A1E7F580-8172-4126-9E6A-93748A46C2EE}"
EndProject
Global
	GlobalSection(SolutionConfigurationPlatforms) = preSolution
		Debug|Any CPU = Debug|Any CPU
		Release|Any CPU = Release|Any CPU
	EndGlobalSection
	GlobalSection(ProjectConfigurationPlatforms) = postSolution
		{A1E7F580-8172-4126-9E6A-93748A46C2EE}.Debug|Any CPU.ActiveCfg = Debug|Any CPU
		{A1E7F580-8172-4126-9E6A-93748A46C2EE}.Debug|Any CPU.Build.0 = Debug|Any CPU
		{A1E7F580-8172-4126-9E6A-93748A46C2EE}.Release|Any CPU.ActiveCfg = Release|Any CPU
		{A1E7F580-8172-4126-9E6A-93748A46C2EE}.Release|Any CPU.Build.0 = Release|Any CPU
	EndGlobalSection
	GlobalSection(SolutionProperties) = preSolution
		HideSolutionNode = FALSE
	EndGlobalSection
	GlobalSection(ExtensibilityGlobals) = postSolution
		SolutionGuid = {498E5368-0F66-4504-846A-924D3240E5E6}
	EndGlobalSection
EndGlobal
